// !$*UTF8*$!
{
	archiveVersion = 1;
	classes = {
	};
	objectVersion = 55;
	objects = {

/* Begin PBXBuildFile section */
		3C5B31512BFB73A700114C14 /* AppDelegate.swift in Sources */ = {isa = PBXBuildFile; fileRef = 3C5B31502BFB73A700114C14 /* AppDelegate.swift */; };
		3C5B31532BFB73A700114C14 /* SceneDelegate.swift in Sources */ = {isa = PBXBuildFile; fileRef = 3C5B31522BFB73A700114C14 /* SceneDelegate.swift */; };
		3C5B31552BFB73A700114C14 /* ViewController.swift in Sources */ = {isa = PBXBuildFile; fileRef = 3C5B31542BFB73A700114C14 /* ViewController.swift */; };
		3C5B31582BFB73A700114C14 /* Main.storyboard in Resources */ = {isa = PBXBuildFile; fileRef = 3C5B31562BFB73A700114C14 /* Main.storyboard */; };
		3C5B315B2BFB73A700114C14 /* Task1_UIKit.xcdatamodeld in Sources */ = {isa = PBXBuildFile; fileRef = 3C5B31592BFB73A700114C14 /* Task1_UIKit.xcdatamodeld */; };
		3C5B315D2BFB73AB00114C14 /* Assets.xcassets in Resources */ = {isa = PBXBuildFile; fileRef = 3C5B315C2BFB73AB00114C14 /* Assets.xcassets */; };
		3C5B31602BFB73AB00114C14 /* LaunchScreen.storyboard in Resources */ = {isa = PBXBuildFile; fileRef = 3C5B315E2BFB73AB00114C14 /* LaunchScreen.storyboard */; };
		3CF6FE362BFB8A3D00E22428 /* CreateCityViewController.swift in Sources */ = {isa = PBXBuildFile; fileRef = 3CF6FE352BFB8A3D00E22428 /* CreateCityViewController.swift */; };
		3CF6FE382BFC737A00E22428 /* CityLandmarksViewController.swift in Sources */ = {isa = PBXBuildFile; fileRef = 3CF6FE372BFC737A00E22428 /* CityLandmarksViewController.swift */; };
		3CF6FE3A2BFC7E6000E22428 /* AddLandmarkViewController.swift in Sources */ = {isa = PBXBuildFile; fileRef = 3CF6FE392BFC7E6000E22428 /* AddLandmarkViewController.swift */; };
		3CF6FE3C2BFC8CCD00E22428 /* LandmarkDetailsViewController.swift in Sources */ = {isa = PBXBuildFile; fileRef = 3CF6FE3B2BFC8CCD00E22428 /* LandmarkDetailsViewController.swift */; };
/* End PBXBuildFile section */

/* Begin PBXFileReference section */
		3C5B314D2BFB73A700114C14 /* Task1_UIKit.app */ = {isa = PBXFileReference; explicitFileType = wrapper.application; includeInIndex = 0; path = Task1_UIKit.app; sourceTree = BUILT_PRODUCTS_DIR; };
		3C5B31502BFB73A700114C14 /* AppDelegate.swift */ = {isa = PBXFileReference; lastKnownFileType = sourcecode.swift; path = AppDelegate.swift; sourceTree = "<group>"; };
		3C5B31522BFB73A700114C14 /* SceneDelegate.swift */ = {isa = PBXFileReference; lastKnownFileType = sourcecode.swift; path = SceneDelegate.swift; sourceTree = "<group>"; };
		3C5B31542BFB73A700114C14 /* ViewController.swift */ = {isa = PBXFileReference; lastKnownFileType = sourcecode.swift; path = ViewController.swift; sourceTree = "<group>"; };
		3C5B31572BFB73A700114C14 /* Base */ = {isa = PBXFileReference; lastKnownFileType = file.storyboard; name = Base; path = Base.lproj/Main.storyboard; sourceTree = "<group>"; };
		3C5B315A2BFB73A700114C14 /* Task1_UIKit.xcdatamodel */ = {isa = PBXFileReference; lastKnownFileType = wrapper.xcdatamodel; path = Task1_UIKit.xcdatamodel; sourceTree = "<group>"; };
		3C5B315C2BFB73AB00114C14 /* Assets.xcassets */ = {isa = PBXFileReference; lastKnownFileType = folder.assetcatalog; path = Assets.xcassets; sourceTree = "<group>"; };
		3C5B315F2BFB73AB00114C14 /* Base */ = {isa = PBXFileReference; lastKnownFileType = file.storyboard; name = Base; path = Base.lproj/LaunchScreen.storyboard; sourceTree = "<group>"; };
		3C5B31612BFB73AB00114C14 /* Info.plist */ = {isa = PBXFileReference; lastKnownFileType = text.plist.xml; path = Info.plist; sourceTree = "<group>"; };
		3CF6FE352BFB8A3D00E22428 /* CreateCityViewController.swift */ = {isa = PBXFileReference; lastKnownFileType = sourcecode.swift; path = CreateCityViewController.swift; sourceTree = "<group>"; };
		3CF6FE372BFC737A00E22428 /* CityLandmarksViewController.swift */ = {isa = PBXFileReference; lastKnownFileType = sourcecode.swift; path = CityLandmarksViewController.swift; sourceTree = "<group>"; };
		3CF6FE392BFC7E6000E22428 /* AddLandmarkViewController.swift */ = {isa = PBXFileReference; lastKnownFileType = sourcecode.swift; path = AddLandmarkViewController.swift; sourceTree = "<group>"; };
		3CF6FE3B2BFC8CCD00E22428 /* LandmarkDetailsViewController.swift */ = {isa = PBXFileReference; lastKnownFileType = sourcecode.swift; path = LandmarkDetailsViewController.swift; sourceTree = "<group>"; };
/* End PBXFileReference section */

/* Begin PBXFrameworksBuildPhase section */
		3C5B314A2BFB73A700114C14 /* Frameworks */ = {
			isa = PBXFrameworksBuildPhase;
			buildActionMask = 2147483647;
			files = (
			);
			runOnlyForDeploymentPostprocessing = 0;
		};
/* End PBXFrameworksBuildPhase section */

/* Begin PBXGroup section */
		3C5B31442BFB73A700114C14 = {
			isa = PBXGroup;
			children = (
				3C5B314F2BFB73A700114C14 /* Task1_UIKit */,
				3C5B314E2BFB73A700114C14 /* Products */,
			);
			sourceTree = "<group>";
		};
		3C5B314E2BFB73A700114C14 /* Products */ = {
			isa = PBXGroup;
			children = (
				3C5B314D2BFB73A700114C14 /* Task1_UIKit.app */,
			);
			name = Products;
			sourceTree = "<group>";
		};
		3C5B314F2BFB73A700114C14 /* Task1_UIKit */ = {
			isa = PBXGroup;
			children = (
				3CF6FE352BFB8A3D00E22428 /* CreateCityViewController.swift */,
				3C5B31502BFB73A700114C14 /* AppDelegate.swift */,
				3C5B31522BFB73A700114C14 /* SceneDelegate.swift */,
				3C5B31542BFB73A700114C14 /* ViewController.swift */,
				3C5B31562BFB73A700114C14 /* Main.storyboard */,
				3C5B315C2BFB73AB00114C14 /* Assets.xcassets */,
				3C5B315E2BFB73AB00114C14 /* LaunchScreen.storyboard */,
				3C5B31612BFB73AB00114C14 /* Info.plist */,
				3C5B31592BFB73A700114C14 /* Task1_UIKit.xcdatamodeld */,
				3CF6FE372BFC737A00E22428 /* CityLandmarksViewController.swift */,
				3CF6FE392BFC7E6000E22428 /* AddLandmarkViewController.swift */,
				3CF6FE3B2BFC8CCD00E22428 /* LandmarkDetailsViewController.swift */,
			);
			path = Task1_UIKit;
			sourceTree = "<group>";
		};
/* End PBXGroup section */

/* Begin PBXNativeTarget section */
		3C5B314C2BFB73A700114C14 /* Task1_UIKit */ = {
			isa = PBXNativeTarget;
			buildConfigurationList = 3C5B31642BFB73AB00114C14 /* Build configuration list for PBXNativeTarget "Task1_UIKit" */;
			buildPhases = (
				3C5B31492BFB73A700114C14 /* Sources */,
				3C5B314A2BFB73A700114C14 /* Frameworks */,
				3C5B314B2BFB73A700114C14 /* Resources */,
			);
			buildRules = (
			);
			dependencies = (
			);
			name = Task1_UIKit;
			productName = Task1_UIKit;
			productReference = 3C5B314D2BFB73A700114C14 /* Task1_UIKit.app */;
			productType = "com.apple.product-type.application";
		};
/* End PBXNativeTarget section */

/* Begin PBXProject section */
		3C5B31452BFB73A700114C14 /* Project object */ = {
			isa = PBXProject;
			attributes = {
				BuildIndependentTargetsInParallel = 1;
				LastSwiftUpdateCheck = 1320;
				LastUpgradeCheck = 1320;
				TargetAttributes = {
					3C5B314C2BFB73A700114C14 = {
						CreatedOnToolsVersion = 13.2.1;
					};
				};
			};
			buildConfigurationList = 3C5B31482BFB73A700114C14 /* Build configuration list for PBXProject "Task1_UIKit" */;
			compatibilityVersion = "Xcode 13.0";
			developmentRegion = en;
			hasScannedForEncodings = 0;
			knownRegions = (
				en,
				Base,
			);
			mainGroup = 3C5B31442BFB73A700114C14;
			productRefGroup = 3C5B314E2BFB73A700114C14 /* Products */;
			projectDirPath = "";
			projectRoot = "";
			targets = (
				3C5B314C2BFB73A700114C14 /* Task1_UIKit */,
			);
		};
/* End PBXProject section */

/* Begin PBXResourcesBuildPhase section */
		3C5B314B2BFB73A700114C14 /* Resources */ = {
			isa = PBXResourcesBuildPhase;
			buildActionMask = 2147483647;
			files = (
				3C5B31602BFB73AB00114C14 /* LaunchScreen.storyboard in Resources */,
				3C5B315D2BFB73AB00114C14 /* Assets.xcassets in Resources */,
				3C5B31582BFB73A700114C14 /* Main.storyboard in Resources */,
			);
			runOnlyForDeploymentPostprocessing = 0;
		};
/* End PBXResourcesBuildPhase section */

/* Begin PBXSourcesBuildPhase section */
		3C5B31492BFB73A700114C14 /* Sources */ = {
			isa = PBXSourcesBuildPhase;
			buildActionMask = 2147483647;
			files = (
				3CF6FE362BFB8A3D00E22428 /* CreateCityViewController.swift in Sources */,
				3C5B31552BFB73A700114C14 /* ViewController.swift in Sources */,
				3C5B315B2BFB73A700114C14 /* Task1_UIKit.xcdatamodeld in Sources */,
				3CF6FE3A2BFC7E6000E22428 /* AddLandmarkViewController.swift in Sources */,
				3CF6FE382BFC737A00E22428 /* CityLandmarksViewController.swift in Sources */,
				3CF6FE3C2BFC8CCD00E22428 /* LandmarkDetailsViewController.swift in Sources */,
				3C5B31512BFB73A700114C14 /* AppDelegate.swift in Sources */,
				3C5B31532BFB73A700114C14 /* SceneDelegate.swift in Sources */,
			);
			runOnlyForDeploymentPostprocessing = 0;
		};
/* End PBXSourcesBuildPhase section */

/* Begin PBXVariantGroup section */
		3C5B31562BFB73A700114C14 /* Main.storyboard */ = {
			isa = PBXVariantGroup;
			children = (
				3C5B31572BFB73A700114C14 /* Base */,
			);
			name = Main.storyboard;
			sourceTree = "<group>";
		};
		3C5B315E2BFB73AB00114C14 /* LaunchScreen.storyboard */ = {
			isa = PBXVariantGroup;
			children = (
				3C5B315F2BFB73AB00114C14 /* Base */,
			);
			name = LaunchScreen.storyboard;
			sourceTree = "<group>";
		};
/* End PBXVariantGroup section */

/* Begin XCBuildConfiguration section */
		3C5B31622BFB73AB00114C14 /* Debug */ = {
			isa = XCBuildConfiguration;
			buildSettings = {
				ALWAYS_SEARCH_USER_PATHS = NO;
				CLANG_ANALYZER_NONNULL = YES;
				CLANG_ANALYZER_NUMBER_OBJECT_CONVERSION = YES_AGGRESSIVE;
				CLANG_CXX_LANGUAGE_STANDARD = "gnu++17";
				CLANG_CXX_LIBRARY = "libc++";
				CLANG_ENABLE_MODULES = YES;
				CLANG_ENABLE_OBJC_ARC = YES;
				CLANG_ENABLE_OBJC_WEAK = YES;
				CLANG_WARN_BLOCK_CAPTURE_AUTORELEASING = YES;
				CLANG_WARN_BOOL_CONVERSION = YES;
				CLANG_WARN_COMMA = YES;
				CLANG_WARN_CONSTANT_CONVERSION = YES;
				CLANG_WARN_DEPRECATED_OBJC_IMPLEMENTATIONS = YES;
				CLANG_WARN_DIRECT_OBJC_ISA_USAGE = YES_ERROR;
				CLANG_WARN_DOCUMENTATION_COMMENTS = YES;
				CLANG_WARN_EMPTY_BODY = YES;
				CLANG_WARN_ENUM_CONVERSION = YES;
				CLANG_WARN_INFINITE_RECURSION = YES;
				CLANG_WARN_INT_CONVERSION = YES;
				CLANG_WARN_NON_LITERAL_NULL_CONVERSION = YES;
				CLANG_WARN_OBJC_IMPLICIT_RETAIN_SELF = YES;
				CLANG_WARN_OBJC_LITERAL_CONVERSION = YES;
				CLANG_WARN_OBJC_ROOT_CLASS = YES_ERROR;
				CLANG_WARN_QUOTED_INCLUDE_IN_FRAMEWORK_HEADER = YES;
				CLANG_WARN_RANGE_LOOP_ANALYSIS = YES;
				CLANG_WARN_STRICT_PROTOTYPES = YES;
				CLANG_WARN_SUSPICIOUS_MOVE = YES;
				CLANG_WARN_UNGUARDED_AVAILABILITY = YES_AGGRESSIVE;
				CLANG_WARN_UNREACHABLE_CODE = YES;
				CLANG_WARN__DUPLICATE_METHOD_MATCH = YES;
				COPY_PHASE_STRIP = NO;
				DEBUG_INFORMATION_FORMAT = dwarf;
				ENABLE_STRICT_OBJC_MSGSEND = YES;
				ENABLE_TESTABILITY = YES;
				GCC_C_LANGUAGE_STANDARD = gnu11;
				GCC_DYNAMIC_NO_PIC = NO;
				GCC_NO_COMMON_BLOCKS = YES;
				GCC_OPTIMIZATION_LEVEL = 0;
				GCC_PREPROCESSOR_DEFINITIONS = (
					"DEBUG=1",
					"$(inherited)",
				);
				GCC_WARN_64_TO_32_BIT_CONVERSION = YES;
				GCC_WARN_ABOUT_RETURN_TYPE = YES_ERROR;
				GCC_WARN_UNDECLARED_SELECTOR = YES;
				GCC_WARN_UNINITIALIZED_AUTOS = YES_AGGRESSIVE;
				GCC_WARN_UNUSED_FUNCTION = YES;
				GCC_WARN_UNUSED_VARIABLE = YES;
				IPHONEOS_DEPLOYMENT_TARGET = 15.2;
				MTL_ENABLE_DEBUG_INFO = INCLUDE_SOURCE;
				MTL_FAST_MATH = YES;
				ONLY_ACTIVE_ARCH = YES;
				SDKROOT = iphoneos;
				SWIFT_ACTIVE_COMPILATION_CONDITIONS = DEBUG;
				SWIFT_OPTIMIZATION_LEVEL = "-Onone";
			};
			name = Debug;
		};
		3C5B31632BFB73AB00114C14 /* Release */ = {
			isa = XCBuildConfiguration;
			buildSettings = {
				ALWAYS_SEARCH_USER_PATHS = NO;
				CLANG_ANALYZER_NONNULL = YES;
				CLANG_ANALYZER_NUMBER_OBJECT_CONVERSION = YES_AGGRESSIVE;
				CLANG_CXX_LANGUAGE_STANDARD = "gnu++17";
				CLANG_CXX_LIBRARY = "libc++";
				CLANG_ENABLE_MODULES = YES;
				CLANG_ENABLE_OBJC_ARC = YES;
				CLANG_ENABLE_OBJC_WEAK = YES;
				CLANG_WARN_BLOCK_CAPTURE_AUTORELEASING = YES;
				CLANG_WARN_BOOL_CONVERSION = YES;
				CLANG_WARN_COMMA = YES;
				CLANG_WARN_CONSTANT_CONVERSION = YES;
				CLANG_WARN_DEPRECATED_OBJC_IMPLEMENTATIONS = YES;
				CLANG_WARN_DIRECT_OBJC_ISA_USAGE = YES_ERROR;
				CLANG_WARN_DOCUMENTATION_COMMENTS = YES;
				CLANG_WARN_EMPTY_BODY = YES;
				CLANG_WARN_ENUM_CONVERSION = YES;
				CLANG_WARN_INFINITE_RECURSION = YES;
				CLANG_WARN_INT_CONVERSION = YES;
				CLANG_WARN_NON_LITERAL_NULL_CONVERSION = YES;
				CLANG_WARN_OBJC_IMPLICIT_RETAIN_SELF = YES;
				CLANG_WARN_OBJC_LITERAL_CONVERSION = YES;
				CLANG_WARN_OBJC_ROOT_CLASS = YES_ERROR;
				CLANG_WARN_QUOTED_INCLUDE_IN_FRAMEWORK_HEADER = YES;
				CLANG_WARN_RANGE_LOOP_ANALYSIS = YES;
				CLANG_WARN_STRICT_PROTOTYPES = YES;
				CLANG_WARN_SUSPICIOUS_MOVE = YES;
				CLANG_WARN_UNGUARDED_AVAILABILITY = YES_AGGRESSIVE;
				CLANG_WARN_UNREACHABLE_CODE = YES;
				CLANG_WARN__DUPLICATE_METHOD_MATCH = YES;
				COPY_PHASE_STRIP = NO;
				DEBUG_INFORMATION_FORMAT = "dwarf-with-dsym";
				ENABLE_NS_ASSERTIONS = NO;
				ENABLE_STRICT_OBJC_MSGSEND = YES;
				GCC_C_LANGUAGE_STANDARD = gnu11;
				GCC_NO_COMMON_BLOCKS = YES;
				GCC_WARN_64_TO_32_BIT_CONVERSION = YES;
				GCC_WARN_ABOUT_RETURN_TYPE = YES_ERROR;
				GCC_WARN_UNDECLARED_SELECTOR = YES;
				GCC_WARN_UNINITIALIZED_AUTOS = YES_AGGRESSIVE;
				GCC_WARN_UNUSED_FUNCTION = YES;
				GCC_WARN_UNUSED_VARIABLE = YES;
				IPHONEOS_DEPLOYMENT_TARGET = 15.2;
				MTL_ENABLE_DEBUG_INFO = NO;
				MTL_FAST_MATH = YES;
				SDKROOT = iphoneos;
				SWIFT_COMPILATION_MODE = wholemodule;
				SWIFT_OPTIMIZATION_LEVEL = "-O";
				VALIDATE_PRODUCT = YES;
			};
			name = Release;
		};
		3C5B31652BFB73AB00114C14 /* Debug */ = {
			isa = XCBuildConfiguration;
			buildSettings = {
				ASSETCATALOG_COMPILER_APPICON_NAME = AppIcon;
				ASSETCATALOG_COMPILER_GLOBAL_ACCENT_COLOR_NAME = AccentColor;
				CODE_SIGN_STYLE = Automatic;
				CURRENT_PROJECT_VERSION = 1;
				GENERATE_INFOPLIST_FILE = YES;
				INFOPLIST_FILE = Task1_UIKit/Info.plist;
				INFOPLIST_KEY_UIApplicationSupportsIndirectInputEvents = YES;
				INFOPLIST_KEY_UILaunchStoryboardName = LaunchScreen;
				INFOPLIST_KEY_UIMainStoryboardFile = Main;
				INFOPLIST_KEY_UISupportedInterfaceOrientations_iPad = "UIInterfaceOrientationPortrait UIInterfaceOrientationPortraitUpsideDown UIInterfaceOrientationLandscapeLeft UIInterfaceOrientationLandscapeRight";
				INFOPLIST_KEY_UISupportedInterfaceOrientations_iPhone = "UIInterfaceOrientationPortrait UIInterfaceOrientationLandscapeLeft UIInterfaceOrientationLandscapeRight";
				LD_RUNPATH_SEARCH_PATHS = (
					"$(inherited)",
					"@executable_path/Frameworks",
				);
				MARKETING_VERSION = 1.0;
				PRODUCT_BUNDLE_IDENTIFIER = "com.synergy.Task1-UIKit";
				PRODUCT_NAME = "$(TARGET_NAME)";
				SWIFT_EMIT_LOC_STRINGS = YES;
				SWIFT_VERSION = 5.0;
				TARGETED_DEVICE_FAMILY = "1,2";
			};
			name = Debug;
		};
		3C5B31662BFB73AB00114C14 /* Release */ = {
			isa = XCBuildConfiguration;
			buildSettings = {
				ASSETCATALOG_COMPILER_APPICON_NAME = AppIcon;
				ASSETCATALOG_COMPILER_GLOBAL_ACCENT_COLOR_NAME = AccentColor;
				CODE_SIGN_STYLE = Automatic;
				CURRENT_PROJECT_VERSION = 1;
				GENERATE_INFOPLIST_FILE = YES;
				INFOPLIST_FILE = Task1_UIKit/Info.plist;
				INFOPLIST_KEY_UIApplicationSupportsIndirectInputEvents = YES;
				INFOPLIST_KEY_UILaunchStoryboardName = LaunchScreen;
				INFOPLIST_KEY_UIMainStoryboardFile = Main;
				INFOPLIST_KEY_UISupportedInterfaceOrientations_iPad = "UIInterfaceOrientationPortrait UIInterfaceOrientationPortraitUpsideDown UIInterfaceOrientationLandscapeLeft UIInterfaceOrientationLandscapeRight";
				INFOPLIST_KEY_UISupportedInterfaceOrientations_iPhone = "UIInterfaceOrientationPortrait UIInterfaceOrientationLandscapeLeft UIInterfaceOrientationLandscapeRight";
				LD_RUNPATH_SEARCH_PATHS = (
					"$(inherited)",
					"@executable_path/Frameworks",
				);
				MARKETING_VERSION = 1.0;
				PRODUCT_BUNDLE_IDENTIFIER = "com.synergy.Task1-UIKit";
				PRODUCT_NAME = "$(TARGET_NAME)";
				SWIFT_EMIT_LOC_STRINGS = YES;
				SWIFT_VERSION = 5.0;
				TARGETED_DEVICE_FAMILY = "1,2";
			};
			name = Release;
		};
/* End XCBuildConfiguration section */

/* Begin XCConfigurationList section */
		3C5B31482BFB73A700114C14 /* Build configuration list for PBXProject "Task1_UIKit" */ = {
			isa = XCConfigurationList;
			buildConfigurations = (
				3C5B31622BFB73AB00114C14 /* Debug */,
				3C5B31632BFB73AB00114C14 /* Release */,
			);
			defaultConfigurationIsVisible = 0;
			defaultConfigurationName = Release;
		};
		3C5B31642BFB73AB00114C14 /* Build configuration list for PBXNativeTarget "Task1_UIKit" */ = {
			isa = XCConfigurationList;
			buildConfigurations = (
				3C5B31652BFB73AB00114C14 /* Debug */,
				3C5B31662BFB73AB00114C14 /* Release */,
			);
			defaultConfigurationIsVisible = 0;
			defaultConfigurationName = Release;
		};
/* End XCConfigurationList section */

/* Begin XCVersionGroup section */
		3C5B31592BFB73A700114C14 /* Task1_UIKit.xcdatamodeld */ = {
			isa = XCVersionGroup;
			children = (
				3C5B315A2BFB73A700114C14 /* Task1_UIKit.xcdatamodel */,
			);
			currentVersion = 3C5B315A2BFB73A700114C14 /* Task1_UIKit.xcdatamodel */;
			path = Task1_UIKit.xcdatamodeld;
			sourceTree = "<group>";
			versionGroupType = wrapper.xcdatamodel;
		};
/* End XCVersionGroup section */
	};
	rootObject = 3C5B31452BFB73A700114C14 /* Project object */;
}
